
Microsoft Visual Studio Solution File, Format Version 12.00
# Visual Studio Version 17
VisualStudioVersion = 17.8.34330.188
MinimumVisualStudioVersion = 10.0.40219.1
Project("{FAE04EC0-301F-11D3-BF4B-00C04F79EFBC}") = "UnitTesting_Project_V1", "UnitTesting_Project_V1.csproj", "{61BFBC42-366C-4C18-87B6-61B72F659666}"
EndProject
Global
	GlobalSection(SolutionConfigurationPlatforms) = preSolution
		Debug|Any CPU = Debug|Any CPU
		Release|Any CPU = Release|Any CPU
	EndGlobalSection
	GlobalSection(ProjectConfigurationPlatforms) = postSolution
		{61BFBC42-366C-4C18-87B6-61B72F659666}.Debug|Any CPU.ActiveCfg = Debug|Any CPU
		{61BFBC42-366C-4C18-87B6-61B72F659666}.Debug|Any CPU.Build.0 = Debug|Any CPU
		{61BFBC42-366C-4C18-87B6-61B72F659666}.Release|Any CPU.ActiveCfg = Release|Any CPU
		{61BFBC42-366C-4C18-87B6-61B72F659666}.Release|Any CPU.Build.0 = Release|Any CPU
	EndGlobalSection
	GlobalSection(SolutionProperties) = preSolution
		HideSolutionNode = FALSE
	EndGlobalSection
	GlobalSection(ExtensibilityGlobals) = postSolution
		SolutionGuid = {0AB2A3C1-FD24-4E76-B4DF-6542CB730D57}
	EndGlobalSection
EndGlobal
